// !$*UTF8*$!
{
	archiveVersion = 1;
	classes = {
	};
	objectVersion = 56;
	objects = {

/* Begin PBXBuildFile section */
		D846C87F2BAA642B002544C4 /* PickerListItem.swift in Sources */ = {isa = PBXBuildFile; fileRef = D846C87E2BAA642B002544C4 /* PickerListItem.swift */; };
		D846C8812BAA6580002544C4 /* MenuPicker.swift in Sources */ = {isa = PBXBuildFile; fileRef = D846C8802BAA6580002544C4 /* MenuPicker.swift */; };
		D846C8832BAA6B6C002544C4 /* DatePickerView.swift in Sources */ = {isa = PBXBuildFile; fileRef = D846C8822BAA6B6C002544C4 /* DatePickerView.swift */; };
		D86394E62BB7BC9E001B67E4 /* Info.plist in Resources */ = {isa = PBXBuildFile; fileRef = D86394E52BB7BC9E001B67E4 /* Info.plist */; };
		D88746ED2B7C5B0B00203819 /* Localizable.xcstrings in Resources */ = {isa = PBXBuildFile; fileRef = D88746EC2B7C5B0B00203819 /* Localizable.xcstrings */; };
		D895C9DC2BA52E6900F82475 /* Slider.swift in Sources */ = {isa = PBXBuildFile; fileRef = D895C9DB2BA52E6900F82475 /* Slider.swift */; };
		D895C9DE2BA52FC400F82475 /* View+Extension.swift in Sources */ = {isa = PBXBuildFile; fileRef = D895C9DD2BA52FC400F82475 /* View+Extension.swift */; };
		D895C9E12BA5305100F82475 /* SimpleTextView.swift in Sources */ = {isa = PBXBuildFile; fileRef = D895C9E02BA5305100F82475 /* SimpleTextView.swift */; };
		D895C9E32BA538B300F82475 /* String+Extension.swift in Sources */ = {isa = PBXBuildFile; fileRef = D895C9E22BA538B300F82475 /* String+Extension.swift */; };
		D895C9E52BA53B4F00F82475 /* Toggle.swift in Sources */ = {isa = PBXBuildFile; fileRef = D895C9E42BA53B4F00F82475 /* Toggle.swift */; };
		D895C9E82BA5408D00F82475 /* RotorListItem.swift in Sources */ = {isa = PBXBuildFile; fileRef = D895C9E72BA5408D00F82475 /* RotorListItem.swift */; };
		D895C9EA2BA5417300F82475 /* RotorHeadings.swift in Sources */ = {isa = PBXBuildFile; fileRef = D895C9E92BA5417300F82475 /* RotorHeadings.swift */; };
		D89911652B49EC1200B7165C /* A11yApp.swift in Sources */ = {isa = PBXBuildFile; fileRef = D89911642B49EC1200B7165C /* A11yApp.swift */; };
		D89911672B49EC1200B7165C /* MainListView.swift in Sources */ = {isa = PBXBuildFile; fileRef = D89911662B49EC1200B7165C /* MainListView.swift */; };
		D89911692B49EC1300B7165C /* Assets.xcassets in Resources */ = {isa = PBXBuildFile; fileRef = D89911682B49EC1300B7165C /* Assets.xcassets */; };
		D899116C2B49EC1300B7165C /* Preview Assets.xcassets in Resources */ = {isa = PBXBuildFile; fileRef = D899116B2B49EC1300B7165C /* Preview Assets.xcassets */; };
		D89911762B49EC1300B7165C /* A11yTests.swift in Sources */ = {isa = PBXBuildFile; fileRef = D89911752B49EC1300B7165C /* A11yTests.swift */; };
		D89911802B49EC1300B7165C /* A11yUITests.swift in Sources */ = {isa = PBXBuildFile; fileRef = D899117F2B49EC1300B7165C /* A11yUITests.swift */; };
		D89911822B49EC1300B7165C /* A11yUITestsLaunchTests.swift in Sources */ = {isa = PBXBuildFile; fileRef = D89911812B49EC1300B7165C /* A11yUITestsLaunchTests.swift */; };
		D89911902B49F75D00B7165C /* ListItem.swift in Sources */ = {isa = PBXBuildFile; fileRef = D899118F2B49F75D00B7165C /* ListItem.swift */; };
		D89911942B49F7BD00B7165C /* BasicNavigationList.swift in Sources */ = {isa = PBXBuildFile; fileRef = D89911932B49F7BD00B7165C /* BasicNavigationList.swift */; };
		D89911962B49F93000B7165C /* MainListItem.swift in Sources */ = {isa = PBXBuildFile; fileRef = D89911952B49F93000B7165C /* MainListItem.swift */; };
		D89911992B49FE9700B7165C /* HelpListItem.swift in Sources */ = {isa = PBXBuildFile; fileRef = D89911982B49FE9700B7165C /* HelpListItem.swift */; };
		D899119C2B4A1CA800B7165C /* ComponentItem.swift in Sources */ = {isa = PBXBuildFile; fileRef = D899119B2B4A1CA800B7165C /* ComponentItem.swift */; };
		D899119F2B4A483400B7165C /* ReorderableList.swift in Sources */ = {isa = PBXBuildFile; fileRef = D899119E2B4A483400B7165C /* ReorderableList.swift */; };
		D8BEEED22BA76C5100208801 /* ShortcutsView.swift in Sources */ = {isa = PBXBuildFile; fileRef = D8BEEED12BA76C5100208801 /* ShortcutsView.swift */; };
		D8BEEED42BA776A400208801 /* WhatIsThisView.swift in Sources */ = {isa = PBXBuildFile; fileRef = D8BEEED32BA776A400208801 /* WhatIsThisView.swift */; };
		D8CB2D4C2B4E275600730BFB /* CarouselList.swift in Sources */ = {isa = PBXBuildFile; fileRef = D8CB2D4B2B4E275600730BFB /* CarouselList.swift */; };
		D8CB2D4E2B4E2EB600730BFB /* CollectionViewList.swift in Sources */ = {isa = PBXBuildFile; fileRef = D8CB2D4D2B4E2EB600730BFB /* CollectionViewList.swift */; };
		D8E8BA7D2BAE55820066C5EF /* MultiDatePickerView.swift in Sources */ = {isa = PBXBuildFile; fileRef = D8E8BA7C2BAE55820066C5EF /* MultiDatePickerView.swift */; };
		D8E8BA7F2BAE567E0066C5EF /* ColorPickerView.swift in Sources */ = {isa = PBXBuildFile; fileRef = D8E8BA7E2BAE567E0066C5EF /* ColorPickerView.swift */; };
		D8E8BA812BAE58700066C5EF /* StepperView.swift in Sources */ = {isa = PBXBuildFile; fileRef = D8E8BA802BAE58700066C5EF /* StepperView.swift */; };
		D8E8BA842BAE5D6E0066C5EF /* ChartsListItem.swift in Sources */ = {isa = PBXBuildFile; fileRef = D8E8BA832BAE5D6E0066C5EF /* ChartsListItem.swift */; };
		D8E8BA862BAE5DEC0066C5EF /* GaugeView.swift in Sources */ = {isa = PBXBuildFile; fileRef = D8E8BA852BAE5DEC0066C5EF /* GaugeView.swift */; };
/* End PBXBuildFile section */

/* Begin PBXContainerItemProxy section */
		D89911722B49EC1300B7165C /* PBXContainerItemProxy */ = {
			isa = PBXContainerItemProxy;
			containerPortal = D89911592B49EC1200B7165C /* Project object */;
			proxyType = 1;
			remoteGlobalIDString = D89911602B49EC1200B7165C;
			remoteInfo = A11y;
		};
		D899117C2B49EC1300B7165C /* PBXContainerItemProxy */ = {
			isa = PBXContainerItemProxy;
			containerPortal = D89911592B49EC1200B7165C /* Project object */;
			proxyType = 1;
			remoteGlobalIDString = D89911602B49EC1200B7165C;
			remoteInfo = A11y;
		};
/* End PBXContainerItemProxy section */

/* Begin PBXFileReference section */
		D846C87E2BAA642B002544C4 /* PickerListItem.swift */ = {isa = PBXFileReference; lastKnownFileType = sourcecode.swift; path = PickerListItem.swift; sourceTree = "<group>"; };
		D846C8802BAA6580002544C4 /* MenuPicker.swift */ = {isa = PBXFileReference; lastKnownFileType = sourcecode.swift; path = MenuPicker.swift; sourceTree = "<group>"; };
		D846C8822BAA6B6C002544C4 /* DatePickerView.swift */ = {isa = PBXFileReference; lastKnownFileType = sourcecode.swift; path = DatePickerView.swift; sourceTree = "<group>"; };
		D86394E52BB7BC9E001B67E4 /* Info.plist */ = {isa = PBXFileReference; lastKnownFileType = text.plist.xml; name = Info.plist; path = A11y/Info.plist; sourceTree = "<group>"; };
		D88746EC2B7C5B0B00203819 /* Localizable.xcstrings */ = {isa = PBXFileReference; fileEncoding = 4; lastKnownFileType = text.json.xcstrings; path = Localizable.xcstrings; sourceTree = "<group>"; };
		D895C9DB2BA52E6900F82475 /* Slider.swift */ = {isa = PBXFileReference; lastKnownFileType = sourcecode.swift; path = Slider.swift; sourceTree = "<group>"; };
		D895C9DD2BA52FC400F82475 /* View+Extension.swift */ = {isa = PBXFileReference; lastKnownFileType = sourcecode.swift; path = "View+Extension.swift"; sourceTree = "<group>"; };
		D895C9E02BA5305100F82475 /* SimpleTextView.swift */ = {isa = PBXFileReference; lastKnownFileType = sourcecode.swift; path = SimpleTextView.swift; sourceTree = "<group>"; };
		D895C9E22BA538B300F82475 /* String+Extension.swift */ = {isa = PBXFileReference; lastKnownFileType = sourcecode.swift; path = "String+Extension.swift"; sourceTree = "<group>"; };
		D895C9E42BA53B4F00F82475 /* Toggle.swift */ = {isa = PBXFileReference; lastKnownFileType = sourcecode.swift; path = Toggle.swift; sourceTree = "<group>"; };
		D895C9E72BA5408D00F82475 /* RotorListItem.swift */ = {isa = PBXFileReference; lastKnownFileType = sourcecode.swift; path = RotorListItem.swift; sourceTree = "<group>"; };
		D895C9E92BA5417300F82475 /* RotorHeadings.swift */ = {isa = PBXFileReference; lastKnownFileType = sourcecode.swift; path = RotorHeadings.swift; sourceTree = "<group>"; };
		D89911612B49EC1200B7165C /* A11y.app */ = {isa = PBXFileReference; explicitFileType = wrapper.application; includeInIndex = 0; path = A11y.app; sourceTree = BUILT_PRODUCTS_DIR; };
		D89911642B49EC1200B7165C /* A11yApp.swift */ = {isa = PBXFileReference; lastKnownFileType = sourcecode.swift; path = A11yApp.swift; sourceTree = "<group>"; };
		D89911662B49EC1200B7165C /* MainListView.swift */ = {isa = PBXFileReference; lastKnownFileType = sourcecode.swift; path = MainListView.swift; sourceTree = "<group>"; };
		D89911682B49EC1300B7165C /* Assets.xcassets */ = {isa = PBXFileReference; lastKnownFileType = folder.assetcatalog; path = Assets.xcassets; sourceTree = "<group>"; };
		D899116B2B49EC1300B7165C /* Preview Assets.xcassets */ = {isa = PBXFileReference; lastKnownFileType = folder.assetcatalog; path = "Preview Assets.xcassets"; sourceTree = "<group>"; };
		D89911712B49EC1300B7165C /* A11yTests.xctest */ = {isa = PBXFileReference; explicitFileType = wrapper.cfbundle; includeInIndex = 0; path = A11yTests.xctest; sourceTree = BUILT_PRODUCTS_DIR; };
		D89911752B49EC1300B7165C /* A11yTests.swift */ = {isa = PBXFileReference; lastKnownFileType = sourcecode.swift; path = A11yTests.swift; sourceTree = "<group>"; };
		D899117B2B49EC1300B7165C /* A11yUITests.xctest */ = {isa = PBXFileReference; explicitFileType = wrapper.cfbundle; includeInIndex = 0; path = A11yUITests.xctest; sourceTree = BUILT_PRODUCTS_DIR; };
		D899117F2B49EC1300B7165C /* A11yUITests.swift */ = {isa = PBXFileReference; lastKnownFileType = sourcecode.swift; path = A11yUITests.swift; sourceTree = "<group>"; };
		D89911812B49EC1300B7165C /* A11yUITestsLaunchTests.swift */ = {isa = PBXFileReference; lastKnownFileType = sourcecode.swift; path = A11yUITestsLaunchTests.swift; sourceTree = "<group>"; };
		D899118F2B49F75D00B7165C /* ListItem.swift */ = {isa = PBXFileReference; lastKnownFileType = sourcecode.swift; path = ListItem.swift; sourceTree = "<group>"; };
		D89911932B49F7BD00B7165C /* BasicNavigationList.swift */ = {isa = PBXFileReference; lastKnownFileType = sourcecode.swift; path = BasicNavigationList.swift; sourceTree = "<group>"; };
		D89911952B49F93000B7165C /* MainListItem.swift */ = {isa = PBXFileReference; lastKnownFileType = sourcecode.swift; path = MainListItem.swift; sourceTree = "<group>"; };
		D89911982B49FE9700B7165C /* HelpListItem.swift */ = {isa = PBXFileReference; lastKnownFileType = sourcecode.swift; path = HelpListItem.swift; sourceTree = "<group>"; };
		D899119B2B4A1CA800B7165C /* ComponentItem.swift */ = {isa = PBXFileReference; lastKnownFileType = sourcecode.swift; path = ComponentItem.swift; sourceTree = "<group>"; };
		D899119E2B4A483400B7165C /* ReorderableList.swift */ = {isa = PBXFileReference; lastKnownFileType = sourcecode.swift; path = ReorderableList.swift; sourceTree = "<group>"; };
		D8BEEED12BA76C5100208801 /* ShortcutsView.swift */ = {isa = PBXFileReference; lastKnownFileType = sourcecode.swift; path = ShortcutsView.swift; sourceTree = "<group>"; };
		D8BEEED32BA776A400208801 /* WhatIsThisView.swift */ = {isa = PBXFileReference; lastKnownFileType = sourcecode.swift; path = WhatIsThisView.swift; sourceTree = "<group>"; };
		D8CB2D4B2B4E275600730BFB /* CarouselList.swift */ = {isa = PBXFileReference; lastKnownFileType = sourcecode.swift; path = CarouselList.swift; sourceTree = "<group>"; };
		D8CB2D4D2B4E2EB600730BFB /* CollectionViewList.swift */ = {isa = PBXFileReference; lastKnownFileType = sourcecode.swift; path = CollectionViewList.swift; sourceTree = "<group>"; };
		D8E8BA7C2BAE55820066C5EF /* MultiDatePickerView.swift */ = {isa = PBXFileReference; lastKnownFileType = sourcecode.swift; path = MultiDatePickerView.swift; sourceTree = "<group>"; };
		D8E8BA7E2BAE567E0066C5EF /* ColorPickerView.swift */ = {isa = PBXFileReference; lastKnownFileType = sourcecode.swift; path = ColorPickerView.swift; sourceTree = "<group>"; };
		D8E8BA802BAE58700066C5EF /* StepperView.swift */ = {isa = PBXFileReference; lastKnownFileType = sourcecode.swift; path = StepperView.swift; sourceTree = "<group>"; };
		D8E8BA832BAE5D6E0066C5EF /* ChartsListItem.swift */ = {isa = PBXFileReference; lastKnownFileType = sourcecode.swift; path = ChartsListItem.swift; sourceTree = "<group>"; };
		D8E8BA852BAE5DEC0066C5EF /* GaugeView.swift */ = {isa = PBXFileReference; lastKnownFileType = sourcecode.swift; path = GaugeView.swift; sourceTree = "<group>"; };
/* End PBXFileReference section */

/* Begin PBXFrameworksBuildPhase section */
		D899115E2B49EC1200B7165C /* Frameworks */ = {
			isa = PBXFrameworksBuildPhase;
			buildActionMask = 2147483647;
			files = (
			);
			runOnlyForDeploymentPostprocessing = 0;
		};
		D899116E2B49EC1300B7165C /* Frameworks */ = {
			isa = PBXFrameworksBuildPhase;
			buildActionMask = 2147483647;
			files = (
			);
			runOnlyForDeploymentPostprocessing = 0;
		};
		D89911782B49EC1300B7165C /* Frameworks */ = {
			isa = PBXFrameworksBuildPhase;
			buildActionMask = 2147483647;
			files = (
			);
			runOnlyForDeploymentPostprocessing = 0;
		};
/* End PBXFrameworksBuildPhase section */

/* Begin PBXGroup section */
		D846C87D2BAA641F002544C4 /* Pickers */ = {
			isa = PBXGroup;
			children = (
				D846C87E2BAA642B002544C4 /* PickerListItem.swift */,
				D846C8802BAA6580002544C4 /* MenuPicker.swift */,
				D846C8822BAA6B6C002544C4 /* DatePickerView.swift */,
				D8E8BA7C2BAE55820066C5EF /* MultiDatePickerView.swift */,
				D8E8BA7E2BAE567E0066C5EF /* ColorPickerView.swift */,
			);
			path = Pickers;
			sourceTree = "<group>";
		};
		D88746EB2B7C5AF600203819 /* Resources */ = {
			isa = PBXGroup;
			children = (
				D88746EC2B7C5B0B00203819 /* Localizable.xcstrings */,
			);
			path = Resources;
			sourceTree = "<group>";
		};
		D895C9E62BA5407800F82475 /* Rotor */ = {
			isa = PBXGroup;
			children = (
				D895C9E72BA5408D00F82475 /* RotorListItem.swift */,
				D895C9E92BA5417300F82475 /* RotorHeadings.swift */,
			);
			path = Rotor;
			sourceTree = "<group>";
		};
		D89911582B49EC1200B7165C = {
			isa = PBXGroup;
			children = (
				D86394E52BB7BC9E001B67E4 /* Info.plist */,
				D89911632B49EC1200B7165C /* A11y */,
				D89911742B49EC1300B7165C /* A11yTests */,
				D899117E2B49EC1300B7165C /* A11yUITests */,
				D89911622B49EC1200B7165C /* Products */,
			);
			sourceTree = "<group>";
		};
		D89911622B49EC1200B7165C /* Products */ = {
			isa = PBXGroup;
			children = (
				D89911612B49EC1200B7165C /* A11y.app */,
				D89911712B49EC1300B7165C /* A11yTests.xctest */,
				D899117B2B49EC1300B7165C /* A11yUITests.xctest */,
			);
			name = Products;
			sourceTree = "<group>";
		};
		D89911632B49EC1200B7165C /* A11y */ = {
			isa = PBXGroup;
			children = (
				D8E8BA822BAE5CD60066C5EF /* Charts */,
				D895C9E62BA5407800F82475 /* Rotor */,
				D899119A2B4A1C8A00B7165C /* Components */,
				D89911972B49FE8400B7165C /* HelpMenu */,
				D89911642B49EC1200B7165C /* A11yApp.swift */,
				D89911682B49EC1300B7165C /* Assets.xcassets */,
				D89911922B49F7A000B7165C /* CommonUI */,
				D899118E2B49F73500B7165C /* Lists */,
				D89911662B49EC1200B7165C /* MainListView.swift */,
				D89911952B49F93000B7165C /* MainListItem.swift */,
				D88746EB2B7C5AF600203819 /* Resources */,
				D899116A2B49EC1300B7165C /* Preview Content */,
			);
			path = A11y;
			sourceTree = "<group>";
		};
		D899116A2B49EC1300B7165C /* Preview Content */ = {
			isa = PBXGroup;
			children = (
				D899116B2B49EC1300B7165C /* Preview Assets.xcassets */,
			);
			path = "Preview Content";
			sourceTree = "<group>";
		};
		D89911742B49EC1300B7165C /* A11yTests */ = {
			isa = PBXGroup;
			children = (
				D89911752B49EC1300B7165C /* A11yTests.swift */,
			);
			path = A11yTests;
			sourceTree = "<group>";
		};
		D899117E2B49EC1300B7165C /* A11yUITests */ = {
			isa = PBXGroup;
			children = (
				D899117F2B49EC1300B7165C /* A11yUITests.swift */,
				D89911812B49EC1300B7165C /* A11yUITestsLaunchTests.swift */,
			);
			path = A11yUITests;
			sourceTree = "<group>";
		};
		D899118E2B49F73500B7165C /* Lists */ = {
			isa = PBXGroup;
			children = (
				D899118F2B49F75D00B7165C /* ListItem.swift */,
				D899119E2B4A483400B7165C /* ReorderableList.swift */,
				D8CB2D4B2B4E275600730BFB /* CarouselList.swift */,
				D8CB2D4D2B4E2EB600730BFB /* CollectionViewList.swift */,
			);
			path = Lists;
			sourceTree = "<group>";
		};
		D89911922B49F7A000B7165C /* CommonUI */ = {
			isa = PBXGroup;
			children = (
				D89911932B49F7BD00B7165C /* BasicNavigationList.swift */,
				D895C9DD2BA52FC400F82475 /* View+Extension.swift */,
				D895C9E02BA5305100F82475 /* SimpleTextView.swift */,
				D895C9E22BA538B300F82475 /* String+Extension.swift */,
			);
			path = CommonUI;
			sourceTree = "<group>";
		};
		D89911972B49FE8400B7165C /* HelpMenu */ = {
			isa = PBXGroup;
			children = (
				D89911982B49FE9700B7165C /* HelpListItem.swift */,
				D8BEEED12BA76C5100208801 /* ShortcutsView.swift */,
				D8BEEED32BA776A400208801 /* WhatIsThisView.swift */,
			);
			path = HelpMenu;
			sourceTree = "<group>";
		};
		D899119A2B4A1C8A00B7165C /* Components */ = {
			isa = PBXGroup;
			children = (
				D846C87D2BAA641F002544C4 /* Pickers */,
				D899119B2B4A1CA800B7165C /* ComponentItem.swift */,
				D895C9DB2BA52E6900F82475 /* Slider.swift */,
				D895C9E42BA53B4F00F82475 /* Toggle.swift */,
				D8E8BA802BAE58700066C5EF /* StepperView.swift */,
			);
			path = Components;
			sourceTree = "<group>";
		};
		D8E8BA822BAE5CD60066C5EF /* Charts */ = {
			isa = PBXGroup;
			children = (
				D8E8BA832BAE5D6E0066C5EF /* ChartsListItem.swift */,
				D8E8BA852BAE5DEC0066C5EF /* GaugeView.swift */,
			);
			path = Charts;
			sourceTree = "<group>";
		};
/* End PBXGroup section */

/* Begin PBXNativeTarget section */
		D89911602B49EC1200B7165C /* A11y */ = {
			isa = PBXNativeTarget;
			buildConfigurationList = D89911852B49EC1300B7165C /* Build configuration list for PBXNativeTarget "A11y" */;
			buildPhases = (
				D899115D2B49EC1200B7165C /* Sources */,
				D899115E2B49EC1200B7165C /* Frameworks */,
				D899115F2B49EC1200B7165C /* Resources */,
			);
			buildRules = (
			);
			dependencies = (
			);
			name = A11y;
			productName = A11y;
			productReference = D89911612B49EC1200B7165C /* A11y.app */;
			productType = "com.apple.product-type.application";
		};
		D89911702B49EC1300B7165C /* A11yTests */ = {
			isa = PBXNativeTarget;
			buildConfigurationList = D89911882B49EC1300B7165C /* Build configuration list for PBXNativeTarget "A11yTests" */;
			buildPhases = (
				D899116D2B49EC1300B7165C /* Sources */,
				D899116E2B49EC1300B7165C /* Frameworks */,
				D899116F2B49EC1300B7165C /* Resources */,
			);
			buildRules = (
			);
			dependencies = (
				D89911732B49EC1300B7165C /* PBXTargetDependency */,
			);
			name = A11yTests;
			productName = A11yTests;
			productReference = D89911712B49EC1300B7165C /* A11yTests.xctest */;
			productType = "com.apple.product-type.bundle.unit-test";
		};
		D899117A2B49EC1300B7165C /* A11yUITests */ = {
			isa = PBXNativeTarget;
			buildConfigurationList = D899118B2B49EC1300B7165C /* Build configuration list for PBXNativeTarget "A11yUITests" */;
			buildPhases = (
				D89911772B49EC1300B7165C /* Sources */,
				D89911782B49EC1300B7165C /* Frameworks */,
				D89911792B49EC1300B7165C /* Resources */,
			);
			buildRules = (
			);
			dependencies = (
				D899117D2B49EC1300B7165C /* PBXTargetDependency */,
			);
			name = A11yUITests;
			productName = A11yUITests;
			productReference = D899117B2B49EC1300B7165C /* A11yUITests.xctest */;
			productType = "com.apple.product-type.bundle.ui-testing";
		};
/* End PBXNativeTarget section */

/* Begin PBXProject section */
		D89911592B49EC1200B7165C /* Project object */ = {
			isa = PBXProject;
			attributes = {
				BuildIndependentTargetsInParallel = 1;
				LastSwiftUpdateCheck = 1510;
				LastUpgradeCheck = 1510;
				TargetAttributes = {
					D89911602B49EC1200B7165C = {
						CreatedOnToolsVersion = 15.1;
					};
					D89911702B49EC1300B7165C = {
						CreatedOnToolsVersion = 15.1;
						TestTargetID = D89911602B49EC1200B7165C;
					};
					D899117A2B49EC1300B7165C = {
						CreatedOnToolsVersion = 15.1;
						TestTargetID = D89911602B49EC1200B7165C;
					};
				};
			};
			buildConfigurationList = D899115C2B49EC1200B7165C /* Build configuration list for PBXProject "A11y" */;
			compatibilityVersion = "Xcode 14.0";
			developmentRegion = en;
			hasScannedForEncodings = 0;
			knownRegions = (
				en,
				Base,
			);
			mainGroup = D89911582B49EC1200B7165C;
			productRefGroup = D89911622B49EC1200B7165C /* Products */;
			projectDirPath = "";
			projectRoot = "";
			targets = (
				D89911602B49EC1200B7165C /* A11y */,
				D89911702B49EC1300B7165C /* A11yTests */,
				D899117A2B49EC1300B7165C /* A11yUITests */,
			);
		};
/* End PBXProject section */

/* Begin PBXResourcesBuildPhase section */
		D899115F2B49EC1200B7165C /* Resources */ = {
			isa = PBXResourcesBuildPhase;
			buildActionMask = 2147483647;
			files = (
				D86394E62BB7BC9E001B67E4 /* Info.plist in Resources */,
				D899116C2B49EC1300B7165C /* Preview Assets.xcassets in Resources */,
				D89911692B49EC1300B7165C /* Assets.xcassets in Resources */,
				D88746ED2B7C5B0B00203819 /* Localizable.xcstrings in Resources */,
			);
			runOnlyForDeploymentPostprocessing = 0;
		};
		D899116F2B49EC1300B7165C /* Resources */ = {
			isa = PBXResourcesBuildPhase;
			buildActionMask = 2147483647;
			files = (
			);
			runOnlyForDeploymentPostprocessing = 0;
		};
		D89911792B49EC1300B7165C /* Resources */ = {
			isa = PBXResourcesBuildPhase;
			buildActionMask = 2147483647;
			files = (
			);
			runOnlyForDeploymentPostprocessing = 0;
		};
/* End PBXResourcesBuildPhase section */

/* Begin PBXSourcesBuildPhase section */
		D899115D2B49EC1200B7165C /* Sources */ = {
			isa = PBXSourcesBuildPhase;
			buildActionMask = 2147483647;
			files = (
				D8E8BA7D2BAE55820066C5EF /* MultiDatePickerView.swift in Sources */,
				D8E8BA842BAE5D6E0066C5EF /* ChartsListItem.swift in Sources */,
				D89911942B49F7BD00B7165C /* BasicNavigationList.swift in Sources */,
				D895C9DC2BA52E6900F82475 /* Slider.swift in Sources */,
				D89911902B49F75D00B7165C /* ListItem.swift in Sources */,
				D8CB2D4E2B4E2EB600730BFB /* CollectionViewList.swift in Sources */,
				D89911672B49EC1200B7165C /* MainListView.swift in Sources */,
				D8E8BA862BAE5DEC0066C5EF /* GaugeView.swift in Sources */,
				D895C9EA2BA5417300F82475 /* RotorHeadings.swift in Sources */,
				D895C9E12BA5305100F82475 /* SimpleTextView.swift in Sources */,
				D8E8BA7F2BAE567E0066C5EF /* ColorPickerView.swift in Sources */,
				D846C8812BAA6580002544C4 /* MenuPicker.swift in Sources */,
				D8BEEED42BA776A400208801 /* WhatIsThisView.swift in Sources */,
				D8E8BA812BAE58700066C5EF /* StepperView.swift in Sources */,
				D846C87F2BAA642B002544C4 /* PickerListItem.swift in Sources */,
				D899119F2B4A483400B7165C /* ReorderableList.swift in Sources */,
				D8BEEED22BA76C5100208801 /* ShortcutsView.swift in Sources */,
				D89911992B49FE9700B7165C /* HelpListItem.swift in Sources */,
				D895C9E32BA538B300F82475 /* String+Extension.swift in Sources */,
				D846C8832BAA6B6C002544C4 /* DatePickerView.swift in Sources */,
				D899119C2B4A1CA800B7165C /* ComponentItem.swift in Sources */,
				D8CB2D4C2B4E275600730BFB /* CarouselList.swift in Sources */,
				D89911652B49EC1200B7165C /* A11yApp.swift in Sources */,
				D895C9E52BA53B4F00F82475 /* Toggle.swift in Sources */,
				D895C9DE2BA52FC400F82475 /* View+Extension.swift in Sources */,
				D89911962B49F93000B7165C /* MainListItem.swift in Sources */,
				D895C9E82BA5408D00F82475 /* RotorListItem.swift in Sources */,
			);
			runOnlyForDeploymentPostprocessing = 0;
		};
		D899116D2B49EC1300B7165C /* Sources */ = {
			isa = PBXSourcesBuildPhase;
			buildActionMask = 2147483647;
			files = (
				D89911762B49EC1300B7165C /* A11yTests.swift in Sources */,
			);
			runOnlyForDeploymentPostprocessing = 0;
		};
		D89911772B49EC1300B7165C /* Sources */ = {
			isa = PBXSourcesBuildPhase;
			buildActionMask = 2147483647;
			files = (
				D89911822B49EC1300B7165C /* A11yUITestsLaunchTests.swift in Sources */,
				D89911802B49EC1300B7165C /* A11yUITests.swift in Sources */,
			);
			runOnlyForDeploymentPostprocessing = 0;
		};
/* End PBXSourcesBuildPhase section */

/* Begin PBXTargetDependency section */
		D89911732B49EC1300B7165C /* PBXTargetDependency */ = {
			isa = PBXTargetDependency;
			target = D89911602B49EC1200B7165C /* A11y */;
			targetProxy = D89911722B49EC1300B7165C /* PBXContainerItemProxy */;
		};
		D899117D2B49EC1300B7165C /* PBXTargetDependency */ = {
			isa = PBXTargetDependency;
			target = D89911602B49EC1200B7165C /* A11y */;
			targetProxy = D899117C2B49EC1300B7165C /* PBXContainerItemProxy */;
		};
/* End PBXTargetDependency section */

/* Begin XCBuildConfiguration section */
		D89911832B49EC1300B7165C /* Debug */ = {
			isa = XCBuildConfiguration;
			buildSettings = {
				ALWAYS_SEARCH_USER_PATHS = NO;
				ASSETCATALOG_COMPILER_GENERATE_SWIFT_ASSET_SYMBOL_EXTENSIONS = YES;
				CLANG_ANALYZER_NONNULL = YES;
				CLANG_ANALYZER_NUMBER_OBJECT_CONVERSION = YES_AGGRESSIVE;
				CLANG_CXX_LANGUAGE_STANDARD = "gnu++20";
				CLANG_ENABLE_MODULES = YES;
				CLANG_ENABLE_OBJC_ARC = YES;
				CLANG_ENABLE_OBJC_WEAK = YES;
				CLANG_WARN_BLOCK_CAPTURE_AUTORELEASING = YES;
				CLANG_WARN_BOOL_CONVERSION = YES;
				CLANG_WARN_COMMA = YES;
				CLANG_WARN_CONSTANT_CONVERSION = YES;
				CLANG_WARN_DEPRECATED_OBJC_IMPLEMENTATIONS = YES;
				CLANG_WARN_DIRECT_OBJC_ISA_USAGE = YES_ERROR;
				CLANG_WARN_DOCUMENTATION_COMMENTS = YES;
				CLANG_WARN_EMPTY_BODY = YES;
				CLANG_WARN_ENUM_CONVERSION = YES;
				CLANG_WARN_INFINITE_RECURSION = YES;
				CLANG_WARN_INT_CONVERSION = YES;
				CLANG_WARN_NON_LITERAL_NULL_CONVERSION = YES;
				CLANG_WARN_OBJC_IMPLICIT_RETAIN_SELF = YES;
				CLANG_WARN_OBJC_LITERAL_CONVERSION = YES;
				CLANG_WARN_OBJC_ROOT_CLASS = YES_ERROR;
				CLANG_WARN_QUOTED_INCLUDE_IN_FRAMEWORK_HEADER = YES;
				CLANG_WARN_RANGE_LOOP_ANALYSIS = YES;
				CLANG_WARN_STRICT_PROTOTYPES = YES;
				CLANG_WARN_SUSPICIOUS_MOVE = YES;
				CLANG_WARN_UNGUARDED_AVAILABILITY = YES_AGGRESSIVE;
				CLANG_WARN_UNREACHABLE_CODE = YES;
				CLANG_WARN__DUPLICATE_METHOD_MATCH = YES;
				COPY_PHASE_STRIP = NO;
				DEBUG_INFORMATION_FORMAT = dwarf;
				ENABLE_STRICT_OBJC_MSGSEND = YES;
				ENABLE_TESTABILITY = YES;
				ENABLE_USER_SCRIPT_SANDBOXING = YES;
				GCC_C_LANGUAGE_STANDARD = gnu17;
				GCC_DYNAMIC_NO_PIC = NO;
				GCC_NO_COMMON_BLOCKS = YES;
				GCC_OPTIMIZATION_LEVEL = 0;
				GCC_PREPROCESSOR_DEFINITIONS = (
					"DEBUG=1",
					"$(inherited)",
				);
				GCC_WARN_64_TO_32_BIT_CONVERSION = YES;
				GCC_WARN_ABOUT_RETURN_TYPE = YES_ERROR;
				GCC_WARN_UNDECLARED_SELECTOR = YES;
				GCC_WARN_UNINITIALIZED_AUTOS = YES_AGGRESSIVE;
				GCC_WARN_UNUSED_FUNCTION = YES;
				GCC_WARN_UNUSED_VARIABLE = YES;
				INFOPLIST_FILE = A11y/Info.plist;
				IPHONEOS_DEPLOYMENT_TARGET = 17.2;
				LOCALIZATION_PREFERS_STRING_CATALOGS = YES;
				MTL_ENABLE_DEBUG_INFO = INCLUDE_SOURCE;
				MTL_FAST_MATH = YES;
				ONLY_ACTIVE_ARCH = YES;
				SDKROOT = iphoneos;
				SWIFT_ACTIVE_COMPILATION_CONDITIONS = "DEBUG $(inherited)";
				SWIFT_OPTIMIZATION_LEVEL = "-Onone";
			};
			name = Debug;
		};
		D89911842B49EC1300B7165C /* Release */ = {
			isa = XCBuildConfiguration;
			buildSettings = {
				ALWAYS_SEARCH_USER_PATHS = NO;
				ASSETCATALOG_COMPILER_GENERATE_SWIFT_ASSET_SYMBOL_EXTENSIONS = YES;
				CLANG_ANALYZER_NONNULL = YES;
				CLANG_ANALYZER_NUMBER_OBJECT_CONVERSION = YES_AGGRESSIVE;
				CLANG_CXX_LANGUAGE_STANDARD = "gnu++20";
				CLANG_ENABLE_MODULES = YES;
				CLANG_ENABLE_OBJC_ARC = YES;
				CLANG_ENABLE_OBJC_WEAK = YES;
				CLANG_WARN_BLOCK_CAPTURE_AUTORELEASING = YES;
				CLANG_WARN_BOOL_CONVERSION = YES;
				CLANG_WARN_COMMA = YES;
				CLANG_WARN_CONSTANT_CONVERSION = YES;
				CLANG_WARN_DEPRECATED_OBJC_IMPLEMENTATIONS = YES;
				CLANG_WARN_DIRECT_OBJC_ISA_USAGE = YES_ERROR;
				CLANG_WARN_DOCUMENTATION_COMMENTS = YES;
				CLANG_WARN_EMPTY_BODY = YES;
				CLANG_WARN_ENUM_CONVERSION = YES;
				CLANG_WARN_INFINITE_RECURSION = YES;
				CLANG_WARN_INT_CONVERSION = YES;
				CLANG_WARN_NON_LITERAL_NULL_CONVERSION = YES;
				CLANG_WARN_OBJC_IMPLICIT_RETAIN_SELF = YES;
				CLANG_WARN_OBJC_LITERAL_CONVERSION = YES;
				CLANG_WARN_OBJC_ROOT_CLASS = YES_ERROR;
				CLANG_WARN_QUOTED_INCLUDE_IN_FRAMEWORK_HEADER = YES;
				CLANG_WARN_RANGE_LOOP_ANALYSIS = YES;
				CLANG_WARN_STRICT_PROTOTYPES = YES;
				CLANG_WARN_SUSPICIOUS_MOVE = YES;
				CLANG_WARN_UNGUARDED_AVAILABILITY = YES_AGGRESSIVE;
				CLANG_WARN_UNREACHABLE_CODE = YES;
				CLANG_WARN__DUPLICATE_METHOD_MATCH = YES;
				COPY_PHASE_STRIP = NO;
				DEBUG_INFORMATION_FORMAT = "dwarf-with-dsym";
				ENABLE_NS_ASSERTIONS = NO;
				ENABLE_STRICT_OBJC_MSGSEND = YES;
				ENABLE_USER_SCRIPT_SANDBOXING = YES;
				GCC_C_LANGUAGE_STANDARD = gnu17;
				GCC_NO_COMMON_BLOCKS = YES;
				GCC_WARN_64_TO_32_BIT_CONVERSION = YES;
				GCC_WARN_ABOUT_RETURN_TYPE = YES_ERROR;
				GCC_WARN_UNDECLARED_SELECTOR = YES;
				GCC_WARN_UNINITIALIZED_AUTOS = YES_AGGRESSIVE;
				GCC_WARN_UNUSED_FUNCTION = YES;
				GCC_WARN_UNUSED_VARIABLE = YES;
				INFOPLIST_FILE = A11y/Info.plist;
				IPHONEOS_DEPLOYMENT_TARGET = 17.2;
				LOCALIZATION_PREFERS_STRING_CATALOGS = YES;
				MTL_ENABLE_DEBUG_INFO = NO;
				MTL_FAST_MATH = YES;
				SDKROOT = iphoneos;
				SWIFT_COMPILATION_MODE = wholemodule;
				VALIDATE_PRODUCT = YES;
			};
			name = Release;
		};
		D89911862B49EC1300B7165C /* Debug */ = {
			isa = XCBuildConfiguration;
			buildSettings = {
				ASSETCATALOG_COMPILER_APPICON_NAME = AppIcon;
				ASSETCATALOG_COMPILER_GLOBAL_ACCENT_COLOR_NAME = AccentColor;
				CODE_SIGN_STYLE = Automatic;
				CURRENT_PROJECT_VERSION = 1;
				DEVELOPMENT_ASSET_PATHS = "\"A11y/Preview Content\"";
				DEVELOPMENT_TEAM = TCYT7HZQSV;
				ENABLE_PREVIEWS = YES;
				GENERATE_INFOPLIST_FILE = YES;
				INFOPLIST_KEY_CFBundleDisplayName = A11y;
				INFOPLIST_KEY_LSApplicationCategoryType = "public.app-category.developer-tools";
				INFOPLIST_KEY_UIApplicationSceneManifest_Generation = YES;
				INFOPLIST_KEY_UIApplicationSupportsIndirectInputEvents = YES;
				INFOPLIST_KEY_UILaunchScreen_Generation = YES;
				INFOPLIST_KEY_UIStatusBarStyle = "";
				INFOPLIST_KEY_UISupportedInterfaceOrientations_iPad = "UIInterfaceOrientationPortrait UIInterfaceOrientationPortraitUpsideDown UIInterfaceOrientationLandscapeLeft UIInterfaceOrientationLandscapeRight";
				INFOPLIST_KEY_UISupportedInterfaceOrientations_iPhone = "UIInterfaceOrientationPortrait UIInterfaceOrientationLandscapeLeft UIInterfaceOrientationLandscapeRight";
				IPHONEOS_DEPLOYMENT_TARGET = 16.0;
				LD_RUNPATH_SEARCH_PATHS = (
					"$(inherited)",
					"@executable_path/Frameworks",
				);
				MARKETING_VERSION = 0.0.1;
				PRODUCT_BUNDLE_IDENTIFIER = com.ngashley.A11y;
				PRODUCT_NAME = "$(TARGET_NAME)";
				SWIFT_EMIT_LOC_STRINGS = YES;
				SWIFT_VERSION = 5.0;
				TARGETED_DEVICE_FAMILY = "1,2";
			};
			name = Debug;
		};
		D89911872B49EC1300B7165C /* Release */ = {
			isa = XCBuildConfiguration;
			buildSettings = {
				ASSETCATALOG_COMPILER_APPICON_NAME = AppIcon;
				ASSETCATALOG_COMPILER_GLOBAL_ACCENT_COLOR_NAME = AccentColor;
				CODE_SIGN_STYLE = Automatic;
				CURRENT_PROJECT_VERSION = 1;
				DEVELOPMENT_ASSET_PATHS = "\"A11y/Preview Content\"";
				DEVELOPMENT_TEAM = TCYT7HZQSV;
				ENABLE_PREVIEWS = YES;
				GENERATE_INFOPLIST_FILE = YES;
				INFOPLIST_KEY_CFBundleDisplayName = A11y;
				INFOPLIST_KEY_LSApplicationCategoryType = "public.app-category.developer-tools";
				INFOPLIST_KEY_UIApplicationSceneManifest_Generation = YES;
				INFOPLIST_KEY_UIApplicationSupportsIndirectInputEvents = YES;
				INFOPLIST_KEY_UILaunchScreen_Generation = YES;
				INFOPLIST_KEY_UIStatusBarStyle = "";
				INFOPLIST_KEY_UISupportedInterfaceOrientations_iPad = "UIInterfaceOrientationPortrait UIInterfaceOrientationPortraitUpsideDown UIInterfaceOrientationLandscapeLeft UIInterfaceOrientationLandscapeRight";
				INFOPLIST_KEY_UISupportedInterfaceOrientations_iPhone = "UIInterfaceOrientationPortrait UIInterfaceOrientationLandscapeLeft UIInterfaceOrientationLandscapeRight";
				IPHONEOS_DEPLOYMENT_TARGET = 16.0;
				LD_RUNPATH_SEARCH_PATHS = (
					"$(inherited)",
					"@executable_path/Frameworks",
				);
				MARKETING_VERSION = 0.0.1;
				PRODUCT_BUNDLE_IDENTIFIER = com.ngashley.A11y;
				PRODUCT_NAME = "$(TARGET_NAME)";
				SWIFT_EMIT_LOC_STRINGS = YES;
				SWIFT_VERSION = 5.0;
				TARGETED_DEVICE_FAMILY = "1,2";
			};
			name = Release;
		};
		D89911892B49EC1300B7165C /* Debug */ = {
			isa = XCBuildConfiguration;
			buildSettings = {
				ALWAYS_EMBED_SWIFT_STANDARD_LIBRARIES = YES;
				BUNDLE_LOADER = "$(TEST_HOST)";
				CODE_SIGN_STYLE = Automatic;
				CURRENT_PROJECT_VERSION = 1;
				DEVELOPMENT_TEAM = TCYT7HZQSV;
				GENERATE_INFOPLIST_FILE = YES;
				IPHONEOS_DEPLOYMENT_TARGET = 17.2;
				MARKETING_VERSION = 1.0;
				PRODUCT_BUNDLE_IDENTIFIER = com.ngashley.A11yTests;
				PRODUCT_NAME = "$(TARGET_NAME)";
				SWIFT_EMIT_LOC_STRINGS = NO;
				SWIFT_VERSION = 5.0;
				TARGETED_DEVICE_FAMILY = "1,2";
				TEST_HOST = "$(BUILT_PRODUCTS_DIR)/A11y.app/$(BUNDLE_EXECUTABLE_FOLDER_PATH)/A11y";
			};
			name = Debug;
		};
		D899118A2B49EC1300B7165C /* Release */ = {
			isa = XCBuildConfiguration;
			buildSettings = {
				ALWAYS_EMBED_SWIFT_STANDARD_LIBRARIES = YES;
				BUNDLE_LOADER = "$(TEST_HOST)";
				CODE_SIGN_STYLE = Automatic;
				CURRENT_PROJECT_VERSION = 1;
				DEVELOPMENT_TEAM = TCYT7HZQSV;
				GENERATE_INFOPLIST_FILE = YES;
				IPHONEOS_DEPLOYMENT_TARGET = 17.2;
				MARKETING_VERSION = 1.0;
				PRODUCT_BUNDLE_IDENTIFIER = com.ngashley.A11yTests;
				PRODUCT_NAME = "$(TARGET_NAME)";
				SWIFT_EMIT_LOC_STRINGS = NO;
				SWIFT_VERSION = 5.0;
				TARGETED_DEVICE_FAMILY = "1,2";
				TEST_HOST = "$(BUILT_PRODUCTS_DIR)/A11y.app/$(BUNDLE_EXECUTABLE_FOLDER_PATH)/A11y";
			};
			name = Release;
		};
		D899118C2B49EC1300B7165C /* Debug */ = {
			isa = XCBuildConfiguration;
			buildSettings = {
				ALWAYS_EMBED_SWIFT_STANDARD_LIBRARIES = YES;
				CODE_SIGN_STYLE = Automatic;
				CURRENT_PROJECT_VERSION = 1;
				DEVELOPMENT_TEAM = TCYT7HZQSV;
				GENERATE_INFOPLIST_FILE = YES;
				MARKETING_VERSION = 1.0;
				PRODUCT_BUNDLE_IDENTIFIER = com.ngashley.A11yUITests;
				PRODUCT_NAME = "$(TARGET_NAME)";
				SWIFT_EMIT_LOC_STRINGS = NO;
				SWIFT_VERSION = 5.0;
				TARGETED_DEVICE_FAMILY = "1,2";
				TEST_TARGET_NAME = A11y;
			};
			name = Debug;
		};
		D899118D2B49EC1300B7165C /* Release */ = {
			isa = XCBuildConfiguration;
			buildSettings = {
				ALWAYS_EMBED_SWIFT_STANDARD_LIBRARIES = YES;
				CODE_SIGN_STYLE = Automatic;
				CURRENT_PROJECT_VERSION = 1;
				DEVELOPMENT_TEAM = TCYT7HZQSV;
				GENERATE_INFOPLIST_FILE = YES;
				MARKETING_VERSION = 1.0;
				PRODUCT_BUNDLE_IDENTIFIER = com.ngashley.A11yUITests;
				PRODUCT_NAME = "$(TARGET_NAME)";
				SWIFT_EMIT_LOC_STRINGS = NO;
				SWIFT_VERSION = 5.0;
				TARGETED_DEVICE_FAMILY = "1,2";
				TEST_TARGET_NAME = A11y;
			};
			name = Release;
		};
/* End XCBuildConfiguration section */

/* Begin XCConfigurationList section */
		D899115C2B49EC1200B7165C /* Build configuration list for PBXProject "A11y" */ = {
			isa = XCConfigurationList;
			buildConfigurations = (
				D89911832B49EC1300B7165C /* Debug */,
				D89911842B49EC1300B7165C /* Release */,
			);
			defaultConfigurationIsVisible = 0;
			defaultConfigurationName = Release;
		};
		D89911852B49EC1300B7165C /* Build configuration list for PBXNativeTarget "A11y" */ = {
			isa = XCConfigurationList;
			buildConfigurations = (
				D89911862B49EC1300B7165C /* Debug */,
				D89911872B49EC1300B7165C /* Release */,
			);
			defaultConfigurationIsVisible = 0;
			defaultConfigurationName = Release;
		};
		D89911882B49EC1300B7165C /* Build configuration list for PBXNativeTarget "A11yTests" */ = {
			isa = XCConfigurationList;
			buildConfigurations = (
				D89911892B49EC1300B7165C /* Debug */,
				D899118A2B49EC1300B7165C /* Release */,
			);
			defaultConfigurationIsVisible = 0;
			defaultConfigurationName = Release;
		};
		D899118B2B49EC1300B7165C /* Build configuration list for PBXNativeTarget "A11yUITests" */ = {
			isa = XCConfigurationList;
			buildConfigurations = (
				D899118C2B49EC1300B7165C /* Debug */,
				D899118D2B49EC1300B7165C /* Release */,
			);
			defaultConfigurationIsVisible = 0;
			defaultConfigurationName = Release;
		};
/* End XCConfigurationList section */
	};
	rootObject = D89911592B49EC1200B7165C /* Project object */;
}
